
Microsoft Visual Studio Solution File, Format Version 12.00
# Visual Studio 15
VisualStudioVersion = 15.0.26124.0
MinimumVisualStudioVersion = 15.0.26124.0
Project("{2150E333-8FDC-42A3-9474-1A3956D46DE8}") = "src", "src", "{8FCC510C-480D-499F-9BCA-1A45735F343F}"
EndProject
Project("{2150E333-8FDC-42A3-9474-1A3956D46DE8}") = "Services", "Services", "{FF218097-F0ED-48F5-9FB5-2572DC56D1B6}"
EndProject
Project("{2150E333-8FDC-42A3-9474-1A3956D46DE8}") = "Catalog", "Catalog", "{C804D445-668E-4DFF-AECB-1662767044B1}"
EndProject
Project("{FAE04EC0-301F-11D3-BF4B-00C04F79EFBC}") = "Catalog.API", "src\Services\Catalog\Catalog.API\Catalog.API.csproj", "{53F267C0-78D6-4388-BBFA-F9CA07E91F9A}"
EndProject
Project("{2150E333-8FDC-42A3-9474-1A3956D46DE8}") = "Basket", "Basket", "{55E2F650-30F1-4CF8-8E50-E81CF26CAD24}"
EndProject
Project("{FAE04EC0-301F-11D3-BF4B-00C04F79EFBC}") = "Basket.API", "src\Services\Basket\Basket.API\Basket.API.csproj", "{5DB4892D-14EC-4EDB-86E1-550FB5EACDC2}"
EndProject
Project("{2150E333-8FDC-42A3-9474-1A3956D46DE8}") = "ApiGateways", "ApiGateways", "{58C13B40-2BC7-4B4F-BF06-B35CF2889204}"
EndProject
Project("{FAE04EC0-301F-11D3-BF4B-00C04F79EFBC}") = "OcelotApiGw", "src\ApiGateways\ApiGw-Base\OcelotApiGw.csproj", "{D330A3C2-C650-4E2D-AD23-C0008173849F}"
EndProject
Project("{2150E333-8FDC-42A3-9474-1A3956D46DE8}") = "Web.Bff.Shopping", "Web.Bff.Shopping", "{0D3481B1-4810-402E-9705-B25FEDFF3D83}"
EndProject
Project("{FAE04EC0-301F-11D3-BF4B-00C04F79EFBC}") = "Web.Shopping.HttpAggregator", "src\ApiGateways\Web.Bff.Shopping\aggregator\Web.Shopping.HttpAggregator.csproj", "{70860627-C8AB-4A37-A024-F831CE4D761B}"
EndProject
Project("{2150E333-8FDC-42A3-9474-1A3956D46DE8}") = "Ordering", "Ordering", "{06E44552-CD25-45F2-A165-405472D4A8E5}"
EndProject
Project("{FAE04EC0-301F-11D3-BF4B-00C04F79EFBC}") = "Ordering.API", "src\Services\Ordering\Ordering.API\Ordering.API.csproj", "{E1C6727E-7553-478C-B473-F6DA84C46E79}"
EndProject
Project("{FAE04EC0-301F-11D3-BF4B-00C04F79EFBC}") = "Ordering.Domain", "src\Services\Ordering\Ordering.Domain\Ordering.Domain.csproj", "{1C804B25-DC95-45FD-9F4A-65D0CC58C29C}"
EndProject
Project("{FAE04EC0-301F-11D3-BF4B-00C04F79EFBC}") = "Ordering.ReadModel", "src\Services\Ordering\Ordering.ReadModel\Ordering.ReadModel.csproj", "{47CA199F-3F63-49C2-A6A2-85F8EB58169F}"
EndProject
Project("{FAE04EC0-301F-11D3-BF4B-00C04F79EFBC}") = "Ordering.UnitTests", "src\Services\Ordering\Ordering.UnitTests\Ordering.UnitTests.csproj", "{EB02DCC3-48B1-493D-96D5-DF8EEF5C806E}"
EndProject
Project("{2150E333-8FDC-42A3-9474-1A3956D46DE8}") = "Identity", "Identity", "{FF899CE1-91BF-4ABE-BB43-233BB0BACA3F}"
EndProject
Project("{FAE04EC0-301F-11D3-BF4B-00C04F79EFBC}") = "Identity.API", "src\Services\Identity\Identity.API\Identity.API.csproj", "{8C8A761A-6B15-41C5-92F9-DC5FDEA155D5}"
EndProject
Project("{2150E333-8FDC-42A3-9474-1A3956D46DE8}") = "Payment", "Payment", "{CD91045B-5237-4704-AD69-8B2D2F23E230}"
EndProject
Project("{FAE04EC0-301F-11D3-BF4B-00C04F79EFBC}") = "Payment.API", "src\Services\Payment\Payment.API\Payment.API.csproj", "{84B98833-CC88-423D-B09A-3CC3EDB9C322}"
EndProject
Project("{2150E333-8FDC-42A3-9474-1A3956D46DE8}") = "Web", "Web", "{BBEF25E5-4EB3-445B-BB29-C7964AD956F4}"
EndProject
Project("{FAE04EC0-301F-11D3-BF4B-00C04F79EFBC}") = "WebMVC", "src\Web\WebMVC\WebMVC.csproj", "{D1EE92D0-3388-4B82-88DE-DF78D479AF82}"
EndProject
Project("{FAE04EC0-301F-11D3-BF4B-00C04F79EFBC}") = "Ordering.SignalrHub", "src\Services\Ordering\Ordering.SignalrHub\Ordering.SignalrHub.csproj", "{5F915F27-3EE5-4688-9960-196DEE008739}"
EndProject
Project("{FAE04EC0-301F-11D3-BF4B-00C04F79EFBC}") = "Catalog.FunctionalTests", "src\Services\Catalog\Catalog.FunctionalTests\Catalog.FunctionalTests.csproj", "{2469FC8A-C943-43B7-B75E-DC659B4795FD}"
EndProject
Global
	GlobalSection(SolutionConfigurationPlatforms) = preSolution
		Debug|Any CPU = Debug|Any CPU
		Debug|x64 = Debug|x64
		Debug|x86 = Debug|x86
		Release|Any CPU = Release|Any CPU
		Release|x64 = Release|x64
		Release|x86 = Release|x86
	EndGlobalSection
	GlobalSection(SolutionProperties) = preSolution
		HideSolutionNode = FALSE
	EndGlobalSection
	GlobalSection(ProjectConfigurationPlatforms) = postSolution
		{53F267C0-78D6-4388-BBFA-F9CA07E91F9A}.Debug|Any CPU.ActiveCfg = Debug|Any CPU
		{53F267C0-78D6-4388-BBFA-F9CA07E91F9A}.Debug|Any CPU.Build.0 = Debug|Any CPU
		{53F267C0-78D6-4388-BBFA-F9CA07E91F9A}.Debug|x64.ActiveCfg = Debug|Any CPU
		{53F267C0-78D6-4388-BBFA-F9CA07E91F9A}.Debug|x64.Build.0 = Debug|Any CPU
		{53F267C0-78D6-4388-BBFA-F9CA07E91F9A}.Debug|x86.ActiveCfg = Debug|Any CPU
		{53F267C0-78D6-4388-BBFA-F9CA07E91F9A}.Debug|x86.Build.0 = Debug|Any CPU
		{53F267C0-78D6-4388-BBFA-F9CA07E91F9A}.Release|Any CPU.ActiveCfg = Release|Any CPU
		{53F267C0-78D6-4388-BBFA-F9CA07E91F9A}.Release|Any CPU.Build.0 = Release|Any CPU
		{53F267C0-78D6-4388-BBFA-F9CA07E91F9A}.Release|x64.ActiveCfg = Release|Any CPU
		{53F267C0-78D6-4388-BBFA-F9CA07E91F9A}.Release|x64.Build.0 = Release|Any CPU
		{53F267C0-78D6-4388-BBFA-F9CA07E91F9A}.Release|x86.ActiveCfg = Release|Any CPU
		{53F267C0-78D6-4388-BBFA-F9CA07E91F9A}.Release|x86.Build.0 = Release|Any CPU
		{5DB4892D-14EC-4EDB-86E1-550FB5EACDC2}.Debug|Any CPU.ActiveCfg = Debug|Any CPU
		{5DB4892D-14EC-4EDB-86E1-550FB5EACDC2}.Debug|Any CPU.Build.0 = Debug|Any CPU
		{5DB4892D-14EC-4EDB-86E1-550FB5EACDC2}.Debug|x64.ActiveCfg = Debug|Any CPU
		{5DB4892D-14EC-4EDB-86E1-550FB5EACDC2}.Debug|x64.Build.0 = Debug|Any CPU
		{5DB4892D-14EC-4EDB-86E1-550FB5EACDC2}.Debug|x86.ActiveCfg = Debug|Any CPU
		{5DB4892D-14EC-4EDB-86E1-550FB5EACDC2}.Debug|x86.Build.0 = Debug|Any CPU
		{5DB4892D-14EC-4EDB-86E1-550FB5EACDC2}.Release|Any CPU.ActiveCfg = Release|Any CPU
		{5DB4892D-14EC-4EDB-86E1-550FB5EACDC2}.Release|Any CPU.Build.0 = Release|Any CPU
		{5DB4892D-14EC-4EDB-86E1-550FB5EACDC2}.Release|x64.ActiveCfg = Release|Any CPU
		{5DB4892D-14EC-4EDB-86E1-550FB5EACDC2}.Release|x64.Build.0 = Release|Any CPU
		{5DB4892D-14EC-4EDB-86E1-550FB5EACDC2}.Release|x86.ActiveCfg = Release|Any CPU
		{5DB4892D-14EC-4EDB-86E1-550FB5EACDC2}.Release|x86.Build.0 = Release|Any CPU
		{D330A3C2-C650-4E2D-AD23-C0008173849F}.Debug|Any CPU.ActiveCfg = Debug|Any CPU
		{D330A3C2-C650-4E2D-AD23-C0008173849F}.Debug|Any CPU.Build.0 = Debug|Any CPU
		{D330A3C2-C650-4E2D-AD23-C0008173849F}.Debug|x64.ActiveCfg = Debug|Any CPU
		{D330A3C2-C650-4E2D-AD23-C0008173849F}.Debug|x64.Build.0 = Debug|Any CPU
		{D330A3C2-C650-4E2D-AD23-C0008173849F}.Debug|x86.ActiveCfg = Debug|Any CPU
		{D330A3C2-C650-4E2D-AD23-C0008173849F}.Debug|x86.Build.0 = Debug|Any CPU
		{D330A3C2-C650-4E2D-AD23-C0008173849F}.Release|Any CPU.ActiveCfg = Release|Any CPU
		{D330A3C2-C650-4E2D-AD23-C0008173849F}.Release|Any CPU.Build.0 = Release|Any CPU
		{D330A3C2-C650-4E2D-AD23-C0008173849F}.Release|x64.ActiveCfg = Release|Any CPU
		{D330A3C2-C650-4E2D-AD23-C0008173849F}.Release|x64.Build.0 = Release|Any CPU
		{D330A3C2-C650-4E2D-AD23-C0008173849F}.Release|x86.ActiveCfg = Release|Any CPU
		{D330A3C2-C650-4E2D-AD23-C0008173849F}.Release|x86.Build.0 = Release|Any CPU
		{70860627-C8AB-4A37-A024-F831CE4D761B}.Debug|Any CPU.ActiveCfg = Debug|Any CPU
		{70860627-C8AB-4A37-A024-F831CE4D761B}.Debug|Any CPU.Build.0 = Debug|Any CPU
		{70860627-C8AB-4A37-A024-F831CE4D761B}.Debug|x64.ActiveCfg = Debug|Any CPU
		{70860627-C8AB-4A37-A024-F831CE4D761B}.Debug|x64.Build.0 = Debug|Any CPU
		{70860627-C8AB-4A37-A024-F831CE4D761B}.Debug|x86.ActiveCfg = Debug|Any CPU
		{70860627-C8AB-4A37-A024-F831CE4D761B}.Debug|x86.Build.0 = Debug|Any CPU
		{70860627-C8AB-4A37-A024-F831CE4D761B}.Release|Any CPU.ActiveCfg = Release|Any CPU
		{70860627-C8AB-4A37-A024-F831CE4D761B}.Release|Any CPU.Build.0 = Release|Any CPU
		{70860627-C8AB-4A37-A024-F831CE4D761B}.Release|x64.ActiveCfg = Release|Any CPU
		{70860627-C8AB-4A37-A024-F831CE4D761B}.Release|x64.Build.0 = Release|Any CPU
		{70860627-C8AB-4A37-A024-F831CE4D761B}.Release|x86.ActiveCfg = Release|Any CPU
		{70860627-C8AB-4A37-A024-F831CE4D761B}.Release|x86.Build.0 = Release|Any CPU
		{E1C6727E-7553-478C-B473-F6DA84C46E79}.Debug|Any CPU.ActiveCfg = Debug|Any CPU
		{E1C6727E-7553-478C-B473-F6DA84C46E79}.Debug|Any CPU.Build.0 = Debug|Any CPU
		{E1C6727E-7553-478C-B473-F6DA84C46E79}.Debug|x64.ActiveCfg = Debug|Any CPU
		{E1C6727E-7553-478C-B473-F6DA84C46E79}.Debug|x64.Build.0 = Debug|Any CPU
		{E1C6727E-7553-478C-B473-F6DA84C46E79}.Debug|x86.ActiveCfg = Debug|Any CPU
		{E1C6727E-7553-478C-B473-F6DA84C46E79}.Debug|x86.Build.0 = Debug|Any CPU
		{E1C6727E-7553-478C-B473-F6DA84C46E79}.Release|Any CPU.ActiveCfg = Release|Any CPU
		{E1C6727E-7553-478C-B473-F6DA84C46E79}.Release|Any CPU.Build.0 = Release|Any CPU
		{E1C6727E-7553-478C-B473-F6DA84C46E79}.Release|x64.ActiveCfg = Release|Any CPU
		{E1C6727E-7553-478C-B473-F6DA84C46E79}.Release|x64.Build.0 = Release|Any CPU
		{E1C6727E-7553-478C-B473-F6DA84C46E79}.Release|x86.ActiveCfg = Release|Any CPU
		{E1C6727E-7553-478C-B473-F6DA84C46E79}.Release|x86.Build.0 = Release|Any CPU
		{1C804B25-DC95-45FD-9F4A-65D0CC58C29C}.Debug|Any CPU.ActiveCfg = Debug|Any CPU
		{1C804B25-DC95-45FD-9F4A-65D0CC58C29C}.Debug|Any CPU.Build.0 = Debug|Any CPU
		{1C804B25-DC95-45FD-9F4A-65D0CC58C29C}.Debug|x64.ActiveCfg = Debug|Any CPU
		{1C804B25-DC95-45FD-9F4A-65D0CC58C29C}.Debug|x64.Build.0 = Debug|Any CPU
		{1C804B25-DC95-45FD-9F4A-65D0CC58C29C}.Debug|x86.ActiveCfg = Debug|Any CPU
		{1C804B25-DC95-45FD-9F4A-65D0CC58C29C}.Debug|x86.Build.0 = Debug|Any CPU
		{1C804B25-DC95-45FD-9F4A-65D0CC58C29C}.Release|Any CPU.ActiveCfg = Release|Any CPU
		{1C804B25-DC95-45FD-9F4A-65D0CC58C29C}.Release|Any CPU.Build.0 = Release|Any CPU
		{1C804B25-DC95-45FD-9F4A-65D0CC58C29C}.Release|x64.ActiveCfg = Release|Any CPU
		{1C804B25-DC95-45FD-9F4A-65D0CC58C29C}.Release|x64.Build.0 = Release|Any CPU
		{1C804B25-DC95-45FD-9F4A-65D0CC58C29C}.Release|x86.ActiveCfg = Release|Any CPU
		{1C804B25-DC95-45FD-9F4A-65D0CC58C29C}.Release|x86.Build.0 = Release|Any CPU
		{47CA199F-3F63-49C2-A6A2-85F8EB58169F}.Debug|Any CPU.ActiveCfg = Debug|Any CPU
		{47CA199F-3F63-49C2-A6A2-85F8EB58169F}.Debug|Any CPU.Build.0 = Debug|Any CPU
		{47CA199F-3F63-49C2-A6A2-85F8EB58169F}.Debug|x64.ActiveCfg = Debug|Any CPU
		{47CA199F-3F63-49C2-A6A2-85F8EB58169F}.Debug|x64.Build.0 = Debug|Any CPU
		{47CA199F-3F63-49C2-A6A2-85F8EB58169F}.Debug|x86.ActiveCfg = Debug|Any CPU
		{47CA199F-3F63-49C2-A6A2-85F8EB58169F}.Debug|x86.Build.0 = Debug|Any CPU
		{47CA199F-3F63-49C2-A6A2-85F8EB58169F}.Release|Any CPU.ActiveCfg = Release|Any CPU
		{47CA199F-3F63-49C2-A6A2-85F8EB58169F}.Release|Any CPU.Build.0 = Release|Any CPU
		{47CA199F-3F63-49C2-A6A2-85F8EB58169F}.Release|x64.ActiveCfg = Release|Any CPU
		{47CA199F-3F63-49C2-A6A2-85F8EB58169F}.Release|x64.Build.0 = Release|Any CPU
		{47CA199F-3F63-49C2-A6A2-85F8EB58169F}.Release|x86.ActiveCfg = Release|Any CPU
		{47CA199F-3F63-49C2-A6A2-85F8EB58169F}.Release|x86.Build.0 = Release|Any CPU
		{EB02DCC3-48B1-493D-96D5-DF8EEF5C806E}.Debug|Any CPU.ActiveCfg = Debug|Any CPU
		{EB02DCC3-48B1-493D-96D5-DF8EEF5C806E}.Debug|Any CPU.Build.0 = Debug|Any CPU
		{EB02DCC3-48B1-493D-96D5-DF8EEF5C806E}.Debug|x64.ActiveCfg = Debug|Any CPU
		{EB02DCC3-48B1-493D-96D5-DF8EEF5C806E}.Debug|x64.Build.0 = Debug|Any CPU
		{EB02DCC3-48B1-493D-96D5-DF8EEF5C806E}.Debug|x86.ActiveCfg = Debug|Any CPU
		{EB02DCC3-48B1-493D-96D5-DF8EEF5C806E}.Debug|x86.Build.0 = Debug|Any CPU
		{EB02DCC3-48B1-493D-96D5-DF8EEF5C806E}.Release|Any CPU.ActiveCfg = Release|Any CPU
		{EB02DCC3-48B1-493D-96D5-DF8EEF5C806E}.Release|Any CPU.Build.0 = Release|Any CPU
		{EB02DCC3-48B1-493D-96D5-DF8EEF5C806E}.Release|x64.ActiveCfg = Release|Any CPU
		{EB02DCC3-48B1-493D-96D5-DF8EEF5C806E}.Release|x64.Build.0 = Release|Any CPU
		{EB02DCC3-48B1-493D-96D5-DF8EEF5C806E}.Release|x86.ActiveCfg = Release|Any CPU
		{EB02DCC3-48B1-493D-96D5-DF8EEF5C806E}.Release|x86.Build.0 = Release|Any CPU
		{8C8A761A-6B15-41C5-92F9-DC5FDEA155D5}.Debug|Any CPU.ActiveCfg = Debug|Any CPU
		{8C8A761A-6B15-41C5-92F9-DC5FDEA155D5}.Debug|Any CPU.Build.0 = Debug|Any CPU
		{8C8A761A-6B15-41C5-92F9-DC5FDEA155D5}.Debug|x64.ActiveCfg = Debug|Any CPU
		{8C8A761A-6B15-41C5-92F9-DC5FDEA155D5}.Debug|x64.Build.0 = Debug|Any CPU
		{8C8A761A-6B15-41C5-92F9-DC5FDEA155D5}.Debug|x86.ActiveCfg = Debug|Any CPU
		{8C8A761A-6B15-41C5-92F9-DC5FDEA155D5}.Debug|x86.Build.0 = Debug|Any CPU
		{8C8A761A-6B15-41C5-92F9-DC5FDEA155D5}.Release|Any CPU.ActiveCfg = Release|Any CPU
		{8C8A761A-6B15-41C5-92F9-DC5FDEA155D5}.Release|Any CPU.Build.0 = Release|Any CPU
		{8C8A761A-6B15-41C5-92F9-DC5FDEA155D5}.Release|x64.ActiveCfg = Release|Any CPU
		{8C8A761A-6B15-41C5-92F9-DC5FDEA155D5}.Release|x64.Build.0 = Release|Any CPU
		{8C8A761A-6B15-41C5-92F9-DC5FDEA155D5}.Release|x86.ActiveCfg = Release|Any CPU
		{8C8A761A-6B15-41C5-92F9-DC5FDEA155D5}.Release|x86.Build.0 = Release|Any CPU
		{84B98833-CC88-423D-B09A-3CC3EDB9C322}.Debug|Any CPU.ActiveCfg = Debug|Any CPU
		{84B98833-CC88-423D-B09A-3CC3EDB9C322}.Debug|Any CPU.Build.0 = Debug|Any CPU
		{84B98833-CC88-423D-B09A-3CC3EDB9C322}.Debug|x64.ActiveCfg = Debug|Any CPU
		{84B98833-CC88-423D-B09A-3CC3EDB9C322}.Debug|x64.Build.0 = Debug|Any CPU
		{84B98833-CC88-423D-B09A-3CC3EDB9C322}.Debug|x86.ActiveCfg = Debug|Any CPU
		{84B98833-CC88-423D-B09A-3CC3EDB9C322}.Debug|x86.Build.0 = Debug|Any CPU
		{84B98833-CC88-423D-B09A-3CC3EDB9C322}.Release|Any CPU.ActiveCfg = Release|Any CPU
		{84B98833-CC88-423D-B09A-3CC3EDB9C322}.Release|Any CPU.Build.0 = Release|Any CPU
		{84B98833-CC88-423D-B09A-3CC3EDB9C322}.Release|x64.ActiveCfg = Release|Any CPU
		{84B98833-CC88-423D-B09A-3CC3EDB9C322}.Release|x64.Build.0 = Release|Any CPU
		{84B98833-CC88-423D-B09A-3CC3EDB9C322}.Release|x86.ActiveCfg = Release|Any CPU
		{84B98833-CC88-423D-B09A-3CC3EDB9C322}.Release|x86.Build.0 = Release|Any CPU
		{D1EE92D0-3388-4B82-88DE-DF78D479AF82}.Debug|Any CPU.ActiveCfg = Debug|Any CPU
		{D1EE92D0-3388-4B82-88DE-DF78D479AF82}.Debug|Any CPU.Build.0 = Debug|Any CPU
		{D1EE92D0-3388-4B82-88DE-DF78D479AF82}.Debug|x64.ActiveCfg = Debug|Any CPU
		{D1EE92D0-3388-4B82-88DE-DF78D479AF82}.Debug|x64.Build.0 = Debug|Any CPU
		{D1EE92D0-3388-4B82-88DE-DF78D479AF82}.Debug|x86.ActiveCfg = Debug|Any CPU
		{D1EE92D0-3388-4B82-88DE-DF78D479AF82}.Debug|x86.Build.0 = Debug|Any CPU
		{D1EE92D0-3388-4B82-88DE-DF78D479AF82}.Release|Any CPU.ActiveCfg = Release|Any CPU
		{D1EE92D0-3388-4B82-88DE-DF78D479AF82}.Release|Any CPU.Build.0 = Release|Any CPU
		{D1EE92D0-3388-4B82-88DE-DF78D479AF82}.Release|x64.ActiveCfg = Release|Any CPU
		{D1EE92D0-3388-4B82-88DE-DF78D479AF82}.Release|x64.Build.0 = Release|Any CPU
		{D1EE92D0-3388-4B82-88DE-DF78D479AF82}.Release|x86.ActiveCfg = Release|Any CPU
		{D1EE92D0-3388-4B82-88DE-DF78D479AF82}.Release|x86.Build.0 = Release|Any CPU
		{5F915F27-3EE5-4688-9960-196DEE008739}.Debug|Any CPU.ActiveCfg = Debug|Any CPU
		{5F915F27-3EE5-4688-9960-196DEE008739}.Debug|Any CPU.Build.0 = Debug|Any CPU
		{5F915F27-3EE5-4688-9960-196DEE008739}.Debug|x64.ActiveCfg = Debug|Any CPU
		{5F915F27-3EE5-4688-9960-196DEE008739}.Debug|x64.Build.0 = Debug|Any CPU
		{5F915F27-3EE5-4688-9960-196DEE008739}.Debug|x86.ActiveCfg = Debug|Any CPU
		{5F915F27-3EE5-4688-9960-196DEE008739}.Debug|x86.Build.0 = Debug|Any CPU
		{5F915F27-3EE5-4688-9960-196DEE008739}.Release|Any CPU.ActiveCfg = Release|Any CPU
		{5F915F27-3EE5-4688-9960-196DEE008739}.Release|Any CPU.Build.0 = Release|Any CPU
		{5F915F27-3EE5-4688-9960-196DEE008739}.Release|x64.ActiveCfg = Release|Any CPU
		{5F915F27-3EE5-4688-9960-196DEE008739}.Release|x64.Build.0 = Release|Any CPU
		{5F915F27-3EE5-4688-9960-196DEE008739}.Release|x86.ActiveCfg = Release|Any CPU
		{5F915F27-3EE5-4688-9960-196DEE008739}.Release|x86.Build.0 = Release|Any CPU
		{2469FC8A-C943-43B7-B75E-DC659B4795FD}.Debug|Any CPU.ActiveCfg = Debug|Any CPU
		{2469FC8A-C943-43B7-B75E-DC659B4795FD}.Debug|Any CPU.Build.0 = Debug|Any CPU
		{2469FC8A-C943-43B7-B75E-DC659B4795FD}.Debug|x64.ActiveCfg = Debug|Any CPU
		{2469FC8A-C943-43B7-B75E-DC659B4795FD}.Debug|x64.Build.0 = Debug|Any CPU
		{2469FC8A-C943-43B7-B75E-DC659B4795FD}.Debug|x86.ActiveCfg = Debug|Any CPU
		{2469FC8A-C943-43B7-B75E-DC659B4795FD}.Debug|x86.Build.0 = Debug|Any CPU
		{2469FC8A-C943-43B7-B75E-DC659B4795FD}.Release|Any CPU.ActiveCfg = Release|Any CPU
		{2469FC8A-C943-43B7-B75E-DC659B4795FD}.Release|Any CPU.Build.0 = Release|Any CPU
		{2469FC8A-C943-43B7-B75E-DC659B4795FD}.Release|x64.ActiveCfg = Release|Any CPU
		{2469FC8A-C943-43B7-B75E-DC659B4795FD}.Release|x64.Build.0 = Release|Any CPU
		{2469FC8A-C943-43B7-B75E-DC659B4795FD}.Release|x86.ActiveCfg = Release|Any CPU
		{2469FC8A-C943-43B7-B75E-DC659B4795FD}.Release|x86.Build.0 = Release|Any CPU
	EndGlobalSection
	GlobalSection(NestedProjects) = preSolution
		{FF218097-F0ED-48F5-9FB5-2572DC56D1B6} = {8FCC510C-480D-499F-9BCA-1A45735F343F}
		{C804D445-668E-4DFF-AECB-1662767044B1} = {FF218097-F0ED-48F5-9FB5-2572DC56D1B6}
		{53F267C0-78D6-4388-BBFA-F9CA07E91F9A} = {C804D445-668E-4DFF-AECB-1662767044B1}
		{55E2F650-30F1-4CF8-8E50-E81CF26CAD24} = {FF218097-F0ED-48F5-9FB5-2572DC56D1B6}
		{5DB4892D-14EC-4EDB-86E1-550FB5EACDC2} = {55E2F650-30F1-4CF8-8E50-E81CF26CAD24}
		{58C13B40-2BC7-4B4F-BF06-B35CF2889204} = {8FCC510C-480D-499F-9BCA-1A45735F343F}
		{D330A3C2-C650-4E2D-AD23-C0008173849F} = {58C13B40-2BC7-4B4F-BF06-B35CF2889204}
		{0D3481B1-4810-402E-9705-B25FEDFF3D83} = {58C13B40-2BC7-4B4F-BF06-B35CF2889204}
		{70860627-C8AB-4A37-A024-F831CE4D761B} = {0D3481B1-4810-402E-9705-B25FEDFF3D83}
		{06E44552-CD25-45F2-A165-405472D4A8E5} = {FF218097-F0ED-48F5-9FB5-2572DC56D1B6}
		{E1C6727E-7553-478C-B473-F6DA84C46E79} = {06E44552-CD25-45F2-A165-405472D4A8E5}
		{1C804B25-DC95-45FD-9F4A-65D0CC58C29C} = {06E44552-CD25-45F2-A165-405472D4A8E5}
		{47CA199F-3F63-49C2-A6A2-85F8EB58169F} = {06E44552-CD25-45F2-A165-405472D4A8E5}
		{EB02DCC3-48B1-493D-96D5-DF8EEF5C806E} = {06E44552-CD25-45F2-A165-405472D4A8E5}
		{FF899CE1-91BF-4ABE-BB43-233BB0BACA3F} = {FF218097-F0ED-48F5-9FB5-2572DC56D1B6}
		{8C8A761A-6B15-41C5-92F9-DC5FDEA155D5} = {FF899CE1-91BF-4ABE-BB43-233BB0BACA3F}
		{CD91045B-5237-4704-AD69-8B2D2F23E230} = {FF218097-F0ED-48F5-9FB5-2572DC56D1B6}
		{84B98833-CC88-423D-B09A-3CC3EDB9C322} = {CD91045B-5237-4704-AD69-8B2D2F23E230}
		{BBEF25E5-4EB3-445B-BB29-C7964AD956F4} = {8FCC510C-480D-499F-9BCA-1A45735F343F}
		{D1EE92D0-3388-4B82-88DE-DF78D479AF82} = {BBEF25E5-4EB3-445B-BB29-C7964AD956F4}
		{5F915F27-3EE5-4688-9960-196DEE008739} = {06E44552-CD25-45F2-A165-405472D4A8E5}
		{2469FC8A-C943-43B7-B75E-DC659B4795FD} = {C804D445-668E-4DFF-AECB-1662767044B1}
	EndGlobalSection
EndGlobal
